
Microsoft Visual Studio Solution File, Format Version 12.00
# Visual Studio Version 16
VisualStudioVersion = 16.0.29709.97
MinimumVisualStudioVersion = 10.0.40219.1
Project("{9A19103F-16F7-4668-BE54-9A1E7A4F7556}") = "AllNotes.Domain", "AllNotes.Domain\AllNotes.Domain.csproj", "{9EA60482-072F-447B-9B22-D776F2872038}"
EndProject
Project("{FAE04EC0-301F-11D3-BF4B-00C04F79EFBC}") = "AllNotes.Domain.EF", "AllNotes.Domain.EF\AllNotes.Domain.EF.csproj", "{B9E7B7DB-7AAD-4A8D-ABC9-4604B06E0046}"
EndProject
Project("{FAE04EC0-301F-11D3-BF4B-00C04F79EFBC}") = "AllNotes.Services", "AllNotes.Services\AllNotes.Services.csproj", "{A4BD1A3A-A5FD-425E-A0DF-502023C73D3C}"
EndProject
Project("{FAE04EC0-301F-11D3-BF4B-00C04F79EFBC}") = "AllNotes.WebApi", "AllNotes.WebApi\AllNotes.WebApi.csproj", "{037E7E3A-9DC8-4CD0-B4DC-30CADED205FE}"
EndProject
Global
	GlobalSection(SolutionConfigurationPlatforms) = preSolution
		Debug|Any CPU = Debug|Any CPU
		Release|Any CPU = Release|Any CPU
	EndGlobalSection
	GlobalSection(ProjectConfigurationPlatforms) = postSolution
		{9EA60482-072F-447B-9B22-D776F2872038}.Debug|Any CPU.ActiveCfg = Debug|Any CPU
		{9EA60482-072F-447B-9B22-D776F2872038}.Debug|Any CPU.Build.0 = Debug|Any CPU
		{9EA60482-072F-447B-9B22-D776F2872038}.Release|Any CPU.ActiveCfg = Release|Any CPU
		{9EA60482-072F-447B-9B22-D776F2872038}.Release|Any CPU.Build.0 = Release|Any CPU
		{B9E7B7DB-7AAD-4A8D-ABC9-4604B06E0046}.Debug|Any CPU.ActiveCfg = Debug|Any CPU
		{B9E7B7DB-7AAD-4A8D-ABC9-4604B06E0046}.Debug|Any CPU.Build.0 = Debug|Any CPU
		{B9E7B7DB-7AAD-4A8D-ABC9-4604B06E0046}.Release|Any CPU.ActiveCfg = Release|Any CPU
		{B9E7B7DB-7AAD-4A8D-ABC9-4604B06E0046}.Release|Any CPU.Build.0 = Release|Any CPU
		{A4BD1A3A-A5FD-425E-A0DF-502023C73D3C}.Debug|Any CPU.ActiveCfg = Debug|Any CPU
		{A4BD1A3A-A5FD-425E-A0DF-502023C73D3C}.Debug|Any CPU.Build.0 = Debug|Any CPU
		{A4BD1A3A-A5FD-425E-A0DF-502023C73D3C}.Release|Any CPU.ActiveCfg = Release|Any CPU
		{A4BD1A3A-A5FD-425E-A0DF-502023C73D3C}.Release|Any CPU.Build.0 = Release|Any CPU
		{037E7E3A-9DC8-4CD0-B4DC-30CADED205FE}.Debug|Any CPU.ActiveCfg = Debug|Any CPU
		{037E7E3A-9DC8-4CD0-B4DC-30CADED205FE}.Debug|Any CPU.Build.0 = Debug|Any CPU
		{037E7E3A-9DC8-4CD0-B4DC-30CADED205FE}.Release|Any CPU.ActiveCfg = Release|Any CPU
		{037E7E3A-9DC8-4CD0-B4DC-30CADED205FE}.Release|Any CPU.Build.0 = Release|Any CPU
	EndGlobalSection
	GlobalSection(SolutionProperties) = preSolution
		HideSolutionNode = FALSE
	EndGlobalSection
	GlobalSection(ExtensibilityGlobals) = postSolution
		SolutionGuid = {667851D9-6B20-4CC9-A245-C3A01B95E4FF}
	EndGlobalSection
EndGlobal
